
Microsoft Visual Studio Solution File, Format Version 12.00
# Visual Studio 2012
Project("{FAE04EC0-301F-11D3-BF4B-00C04F79EFBC}") = "Muse", "Muse\Muse.csproj", "{FA671DB9-642F-4FE1-ADFB-889AC89D3A22}"
EndProject
Project("{FAE04EC0-301F-11D3-BF4B-00C04F79EFBC}") = "Muse.Data", "Muse.Data\Muse.Data.csproj", "{A3DA51C4-C768-455F-95B1-B0D3EAB5163E}"
EndProject
Global
	GlobalSection(TeamFoundationVersionControl) = preSolution
		SccNumberOfProjects = 3
		SccEnterpriseProvider = {4CA58AB2-18FA-4F8D-95D4-32DDF27D184C}
		SccTeamFoundationServer = https://tfs.codeplex.com/tfs/tfs28
		SccLocalPath0 = .
		SccProjectUniqueName1 = Muse.Data\\Muse.Data.csproj
		SccProjectName1 = Muse.Data
		SccLocalPath1 = Muse.Data
		SccProjectUniqueName2 = Muse\\Muse.csproj
		SccProjectName2 = Muse
		SccLocalPath2 = Muse
	EndGlobalSection
	GlobalSection(SolutionConfigurationPlatforms) = preSolution
		Debug|Any CPU = Debug|Any CPU
		Debug|ARM = Debug|ARM
		Debug|x86 = Debug|x86
		Release|Any CPU = Release|Any CPU
		Release|ARM = Release|ARM
		Release|x86 = Release|x86
	EndGlobalSection
	GlobalSection(ProjectConfigurationPlatforms) = postSolution
		{FA671DB9-642F-4FE1-ADFB-889AC89D3A22}.Debug|Any CPU.ActiveCfg = Debug|Any CPU
		{FA671DB9-642F-4FE1-ADFB-889AC89D3A22}.Debug|Any CPU.Build.0 = Debug|Any CPU
		{FA671DB9-642F-4FE1-ADFB-889AC89D3A22}.Debug|Any CPU.Deploy.0 = Debug|Any CPU
		{FA671DB9-642F-4FE1-ADFB-889AC89D3A22}.Debug|ARM.ActiveCfg = Debug|Any CPU
		{FA671DB9-642F-4FE1-ADFB-889AC89D3A22}.Debug|x86.ActiveCfg = Debug|Any CPU
		{FA671DB9-642F-4FE1-ADFB-889AC89D3A22}.Release|Any CPU.ActiveCfg = Release|Any CPU
		{FA671DB9-642F-4FE1-ADFB-889AC89D3A22}.Release|Any CPU.Build.0 = Release|Any CPU
		{FA671DB9-642F-4FE1-ADFB-889AC89D3A22}.Release|Any CPU.Deploy.0 = Release|Any CPU
		{FA671DB9-642F-4FE1-ADFB-889AC89D3A22}.Release|ARM.ActiveCfg = Release|Any CPU
		{FA671DB9-642F-4FE1-ADFB-889AC89D3A22}.Release|x86.ActiveCfg = Release|Any CPU
		{A3DA51C4-C768-455F-95B1-B0D3EAB5163E}.Debug|Any CPU.ActiveCfg = Debug|Any CPU
		{A3DA51C4-C768-455F-95B1-B0D3EAB5163E}.Debug|Any CPU.Build.0 = Debug|Any CPU
		{A3DA51C4-C768-455F-95B1-B0D3EAB5163E}.Debug|ARM.ActiveCfg = Debug|Any CPU
		{A3DA51C4-C768-455F-95B1-B0D3EAB5163E}.Debug|x86.ActiveCfg = Debug|Any CPU
		{A3DA51C4-C768-455F-95B1-B0D3EAB5163E}.Release|Any CPU.ActiveCfg = Release|Any CPU
		{A3DA51C4-C768-455F-95B1-B0D3EAB5163E}.Release|Any CPU.Build.0 = Release|Any CPU
		{A3DA51C4-C768-455F-95B1-B0D3EAB5163E}.Release|ARM.ActiveCfg = Release|Any CPU
		{A3DA51C4-C768-455F-95B1-B0D3EAB5163E}.Release|x86.ActiveCfg = Release|Any CPU
	EndGlobalSection
	GlobalSection(SolutionProperties) = preSolution
		HideSolutionNode = FALSE
	EndGlobalSection
EndGlobal
